
Microsoft Visual Studio Solution File, Format Version 12.00
# Visual Studio 15
Project("{FAE04EC0-301F-11D3-BF4B-00C04F79EFBC}") = "VolDanBfa.Android", "VolDanBfa.Android\VolDanBfa.Android.csproj", "{24CE3C36-16B9-426D-AA0C-5961ECF8D88C}"
EndProject
Project("{FAE04EC0-301F-11D3-BF4B-00C04F79EFBC}") = "VolDanBfa.iOS", "VolDanBfa.iOS\VolDanBfa.iOS.csproj", "{2603F97D-ADDD-4DEF-85CB-6B599981AB09}"
EndProject
Project("{FAE04EC0-301F-11D3-BF4B-00C04F79EFBC}") = "VolDanBfa.UITests", "VolDanBfa.UITests\VolDanBfa.UITests.csproj", "{B19C892E-2628-4CA7-AD27-08D406A3B14B}"
EndProject
Project("{FAE04EC0-301F-11D3-BF4B-00C04F79EFBC}") = "VolDanBfa", "VolDanBfa\VolDanBfa.csproj", "{74FD8A01-64CF-40BF-8EEE-E437029E024A}"
EndProject
Global
	GlobalSection(SolutionConfigurationPlatforms) = preSolution
		Debug|Any CPU = Debug|Any CPU
		Release|Any CPU = Release|Any CPU
		Debug|iPhoneSimulator = Debug|iPhoneSimulator
		Release|iPhoneSimulator = Release|iPhoneSimulator
		Debug|iPhone = Debug|iPhone
		Release|iPhone = Release|iPhone
	EndGlobalSection
	GlobalSection(ProjectConfigurationPlatforms) = postSolution
		{24CE3C36-16B9-426D-AA0C-5961ECF8D88C}.Debug|Any CPU.ActiveCfg = Debug|Any CPU
		{24CE3C36-16B9-426D-AA0C-5961ECF8D88C}.Debug|Any CPU.Build.0 = Debug|Any CPU
		{24CE3C36-16B9-426D-AA0C-5961ECF8D88C}.Release|Any CPU.ActiveCfg = Release|Any CPU
		{24CE3C36-16B9-426D-AA0C-5961ECF8D88C}.Release|Any CPU.Build.0 = Release|Any CPU
		{24CE3C36-16B9-426D-AA0C-5961ECF8D88C}.Debug|iPhoneSimulator.ActiveCfg = Debug|Any CPU
		{24CE3C36-16B9-426D-AA0C-5961ECF8D88C}.Debug|iPhoneSimulator.Build.0 = Debug|Any CPU
		{24CE3C36-16B9-426D-AA0C-5961ECF8D88C}.Release|iPhoneSimulator.ActiveCfg = Release|Any CPU
		{24CE3C36-16B9-426D-AA0C-5961ECF8D88C}.Release|iPhoneSimulator.Build.0 = Release|Any CPU
		{24CE3C36-16B9-426D-AA0C-5961ECF8D88C}.Debug|iPhone.ActiveCfg = Debug|Any CPU
		{24CE3C36-16B9-426D-AA0C-5961ECF8D88C}.Debug|iPhone.Build.0 = Debug|Any CPU
		{24CE3C36-16B9-426D-AA0C-5961ECF8D88C}.Release|iPhone.ActiveCfg = Release|Any CPU
		{24CE3C36-16B9-426D-AA0C-5961ECF8D88C}.Release|iPhone.Build.0 = Release|Any CPU
		{2603F97D-ADDD-4DEF-85CB-6B599981AB09}.Debug|Any CPU.ActiveCfg = Debug|iPhoneSimulator
		{2603F97D-ADDD-4DEF-85CB-6B599981AB09}.Debug|Any CPU.Build.0 = Debug|iPhoneSimulator
		{2603F97D-ADDD-4DEF-85CB-6B599981AB09}.Release|Any CPU.ActiveCfg = Release|iPhoneSimulator
		{2603F97D-ADDD-4DEF-85CB-6B599981AB09}.Release|Any CPU.Build.0 = Release|iPhoneSimulator
		{2603F97D-ADDD-4DEF-85CB-6B599981AB09}.Debug|iPhoneSimulator.ActiveCfg = Debug|iPhoneSimulator
		{2603F97D-ADDD-4DEF-85CB-6B599981AB09}.Debug|iPhoneSimulator.Build.0 = Debug|iPhoneSimulator
		{2603F97D-ADDD-4DEF-85CB-6B599981AB09}.Release|iPhoneSimulator.ActiveCfg = Release|iPhoneSimulator
		{2603F97D-ADDD-4DEF-85CB-6B599981AB09}.Release|iPhoneSimulator.Build.0 = Release|iPhoneSimulator
		{2603F97D-ADDD-4DEF-85CB-6B599981AB09}.Debug|iPhone.ActiveCfg = Debug|iPhone
		{2603F97D-ADDD-4DEF-85CB-6B599981AB09}.Debug|iPhone.Build.0 = Debug|iPhone
		{2603F97D-ADDD-4DEF-85CB-6B599981AB09}.Release|iPhone.ActiveCfg = Release|iPhone
		{2603F97D-ADDD-4DEF-85CB-6B599981AB09}.Release|iPhone.Build.0 = Release|iPhone
		{B19C892E-2628-4CA7-AD27-08D406A3B14B}.Debug|Any CPU.ActiveCfg = Debug|Any CPU
		{B19C892E-2628-4CA7-AD27-08D406A3B14B}.Debug|Any CPU.Build.0 = Debug|Any CPU
		{B19C892E-2628-4CA7-AD27-08D406A3B14B}.Release|Any CPU.ActiveCfg = Release|Any CPU
		{B19C892E-2628-4CA7-AD27-08D406A3B14B}.Release|Any CPU.Build.0 = Release|Any CPU
		{B19C892E-2628-4CA7-AD27-08D406A3B14B}.Debug|iPhoneSimulator.ActiveCfg = Debug|Any CPU
		{B19C892E-2628-4CA7-AD27-08D406A3B14B}.Debug|iPhoneSimulator.Build.0 = Debug|Any CPU
		{B19C892E-2628-4CA7-AD27-08D406A3B14B}.Release|iPhoneSimulator.ActiveCfg = Release|Any CPU
		{B19C892E-2628-4CA7-AD27-08D406A3B14B}.Release|iPhoneSimulator.Build.0 = Release|Any CPU
		{B19C892E-2628-4CA7-AD27-08D406A3B14B}.Debug|iPhone.ActiveCfg = Debug|Any CPU
		{B19C892E-2628-4CA7-AD27-08D406A3B14B}.Debug|iPhone.Build.0 = Debug|Any CPU
		{B19C892E-2628-4CA7-AD27-08D406A3B14B}.Release|iPhone.ActiveCfg = Release|Any CPU
		{B19C892E-2628-4CA7-AD27-08D406A3B14B}.Release|iPhone.Build.0 = Release|Any CPU
		{74FD8A01-64CF-40BF-8EEE-E437029E024A}.Debug|Any CPU.ActiveCfg = Debug|Any CPU
		{74FD8A01-64CF-40BF-8EEE-E437029E024A}.Debug|Any CPU.Build.0 = Debug|Any CPU
		{74FD8A01-64CF-40BF-8EEE-E437029E024A}.Release|Any CPU.ActiveCfg = Release|Any CPU
		{74FD8A01-64CF-40BF-8EEE-E437029E024A}.Release|Any CPU.Build.0 = Release|Any CPU
		{74FD8A01-64CF-40BF-8EEE-E437029E024A}.Debug|iPhoneSimulator.ActiveCfg = Debug|Any CPU
		{74FD8A01-64CF-40BF-8EEE-E437029E024A}.Debug|iPhoneSimulator.Build.0 = Debug|Any CPU
		{74FD8A01-64CF-40BF-8EEE-E437029E024A}.Release|iPhoneSimulator.ActiveCfg = Release|Any CPU
		{74FD8A01-64CF-40BF-8EEE-E437029E024A}.Release|iPhoneSimulator.Build.0 = Release|Any CPU
		{74FD8A01-64CF-40BF-8EEE-E437029E024A}.Debug|iPhone.ActiveCfg = Debug|Any CPU
		{74FD8A01-64CF-40BF-8EEE-E437029E024A}.Debug|iPhone.Build.0 = Debug|Any CPU
		{74FD8A01-64CF-40BF-8EEE-E437029E024A}.Release|iPhone.ActiveCfg = Release|Any CPU
		{74FD8A01-64CF-40BF-8EEE-E437029E024A}.Release|iPhone.Build.0 = Release|Any CPU
	EndGlobalSection
EndGlobal
